
Microsoft Visual Studio Solution File, Format Version 12.00
# Visual Studio 15
VisualStudioVersion = 15.0.26228.4
MinimumVisualStudioVersion = 10.0.40219.1
Project("{FAE04EC0-301F-11D3-BF4B-00C04F79EFBC}") = "LambdaEventAddRemove", "LambdaEventAddRemove\LambdaEventAddRemove.csproj", "{816C2D0F-5020-4B7C-9D5E-312DF1074DBE}"
EndProject
Project("{FAE04EC0-301F-11D3-BF4B-00C04F79EFBC}") = "TestLamda", "TestLamda\TestLamda.csproj", "{CF421779-41A3-435C-A208-8C9EC578C508}"
EndProject
Global
	GlobalSection(SolutionConfigurationPlatforms) = preSolution
		Debug|Any CPU = Debug|Any CPU
		Release|Any CPU = Release|Any CPU
	EndGlobalSection
	GlobalSection(ProjectConfigurationPlatforms) = postSolution
		{816C2D0F-5020-4B7C-9D5E-312DF1074DBE}.Debug|Any CPU.ActiveCfg = Debug|Any CPU
		{816C2D0F-5020-4B7C-9D5E-312DF1074DBE}.Debug|Any CPU.Build.0 = Debug|Any CPU
		{816C2D0F-5020-4B7C-9D5E-312DF1074DBE}.Release|Any CPU.ActiveCfg = Release|Any CPU
		{816C2D0F-5020-4B7C-9D5E-312DF1074DBE}.Release|Any CPU.Build.0 = Release|Any CPU
		{CF421779-41A3-435C-A208-8C9EC578C508}.Debug|Any CPU.ActiveCfg = Debug|Any CPU
		{CF421779-41A3-435C-A208-8C9EC578C508}.Debug|Any CPU.Build.0 = Debug|Any CPU
		{CF421779-41A3-435C-A208-8C9EC578C508}.Release|Any CPU.ActiveCfg = Release|Any CPU
		{CF421779-41A3-435C-A208-8C9EC578C508}.Release|Any CPU.Build.0 = Release|Any CPU
	EndGlobalSection
	GlobalSection(SolutionProperties) = preSolution
		HideSolutionNode = FALSE
	EndGlobalSection
EndGlobal
